// !$*UTF8*$!
{
	archiveVersion = 1;
	classes = {
	};
	objectVersion = 46;
	objects = {

/* Begin PBXBuildFile section */
		0F84A3A11986B196003EF47D /* Foundation.framework in Frameworks */ = {isa = PBXBuildFile; fileRef = 0F84A3A01986B196003EF47D /* Foundation.framework */; };
		0F84A3A31986B196003EF47D /* CoreGraphics.framework in Frameworks */ = {isa = PBXBuildFile; fileRef = 0F84A3A21986B196003EF47D /* CoreGraphics.framework */; };
		0F84A3A51986B196003EF47D /* UIKit.framework in Frameworks */ = {isa = PBXBuildFile; fileRef = 0F84A3A41986B196003EF47D /* UIKit.framework */; };
		0F84A3AB1986B196003EF47D /* InfoPlist.strings in Resources */ = {isa = PBXBuildFile; fileRef = 0F84A3A91986B196003EF47D /* InfoPlist.strings */; };
		0F84A3AD1986B196003EF47D /* main.m in Sources */ = {isa = PBXBuildFile; fileRef = 0F84A3AC1986B196003EF47D /* main.m */; };
		0F84A3B11986B196003EF47D /* CKAppDelegate.m in Sources */ = {isa = PBXBuildFile; fileRef = 0F84A3B01986B196003EF47D /* CKAppDelegate.m */; };
		0F84A3B41986B196003EF47D /* Main.storyboard in Resources */ = {isa = PBXBuildFile; fileRef = 0F84A3B21986B196003EF47D /* Main.storyboard */; };
		0F84A3B71986B196003EF47D /* CKViewController.m in Sources */ = {isa = PBXBuildFile; fileRef = 0F84A3B61986B196003EF47D /* CKViewController.m */; };
		0F84A3B91986B196003EF47D /* Images.xcassets in Resources */ = {isa = PBXBuildFile; fileRef = 0F84A3B81986B196003EF47D /* Images.xcassets */; };
		0F84A3C01986B196003EF47D /* XCTest.framework in Frameworks */ = {isa = PBXBuildFile; fileRef = 0F84A3BF1986B196003EF47D /* XCTest.framework */; };
		0F84A3C11986B196003EF47D /* Foundation.framework in Frameworks */ = {isa = PBXBuildFile; fileRef = 0F84A3A01986B196003EF47D /* Foundation.framework */; };
		0F84A3C21986B196003EF47D /* UIKit.framework in Frameworks */ = {isa = PBXBuildFile; fileRef = 0F84A3A41986B196003EF47D /* UIKit.framework */; };
		0F84A3CA1986B196003EF47D /* InfoPlist.strings in Resources */ = {isa = PBXBuildFile; fileRef = 0F84A3C81986B196003EF47D /* InfoPlist.strings */; };
		0F84A3CC1986B196003EF47D /* DataStructuresTests.m in Sources */ = {isa = PBXBuildFile; fileRef = 0F84A3CB1986B196003EF47D /* DataStructuresTests.m */; };
		0F84A3D91986B1EF003EF47D /* CKNode.m in Sources */ = {isa = PBXBuildFile; fileRef = 0F84A3D81986B1EF003EF47D /* CKNode.m */; };
		0F84A3DF1986B624003EF47D /* CKStack.m in Sources */ = {isa = PBXBuildFile; fileRef = 0F84A3DE1986B624003EF47D /* CKStack.m */; };
		0F84A3E21986BC00003EF47D /* CKQueue.m in Sources */ = {isa = PBXBuildFile; fileRef = 0F84A3E11986BC00003EF47D /* CKQueue.m */; };
		0F84A3E51986CA2C003EF47D /* CKDictionary.m in Sources */ = {isa = PBXBuildFile; fileRef = 0F84A3E41986CA2C003EF47D /* CKDictionary.m */; };
		0F99FA4D19A5A157005D9D51 /* CKBSTree.m in Sources */ = {isa = PBXBuildFile; fileRef = 0F99FA4C19A5A157005D9D51 /* CKBSTree.m */; };
		0F99FA5019A5A290005D9D51 /* CKBSTNode.m in Sources */ = {isa = PBXBuildFile; fileRef = 0F99FA4F19A5A290005D9D51 /* CKBSTNode.m */; };
/* End PBXBuildFile section */

/* Begin PBXContainerItemProxy section */
		0F84A3C31986B196003EF47D /* PBXContainerItemProxy */ = {
			isa = PBXContainerItemProxy;
			containerPortal = 0F84A3951986B196003EF47D /* Project object */;
			proxyType = 1;
			remoteGlobalIDString = 0F84A39C1986B196003EF47D;
			remoteInfo = DataStructures;
		};
/* End PBXContainerItemProxy section */

/* Begin PBXFileReference section */
		0F84A39D1986B196003EF47D /* DataStructures.app */ = {isa = PBXFileReference; explicitFileType = wrapper.application; includeInIndex = 0; path = DataStructures.app; sourceTree = BUILT_PRODUCTS_DIR; };
		0F84A3A01986B196003EF47D /* Foundation.framework */ = {isa = PBXFileReference; lastKnownFileType = wrapper.framework; name = Foundation.framework; path = System/Library/Frameworks/Foundation.framework; sourceTree = SDKROOT; };
		0F84A3A21986B196003EF47D /* CoreGraphics.framework */ = {isa = PBXFileReference; lastKnownFileType = wrapper.framework; name = CoreGraphics.framework; path = System/Library/Frameworks/CoreGraphics.framework; sourceTree = SDKROOT; };
		0F84A3A41986B196003EF47D /* UIKit.framework */ = {isa = PBXFileReference; lastKnownFileType = wrapper.framework; name = UIKit.framework; path = System/Library/Frameworks/UIKit.framework; sourceTree = SDKROOT; };
		0F84A3A81986B196003EF47D /* DataStructures-Info.plist */ = {isa = PBXFileReference; lastKnownFileType = text.plist.xml; path = "DataStructures-Info.plist"; sourceTree = "<group>"; };
		0F84A3AA1986B196003EF47D /* en */ = {isa = PBXFileReference; lastKnownFileType = text.plist.strings; name = en; path = en.lproj/InfoPlist.strings; sourceTree = "<group>"; };
		0F84A3AC1986B196003EF47D /* main.m */ = {isa = PBXFileReference; lastKnownFileType = sourcecode.c.objc; path = main.m; sourceTree = "<group>"; };
		0F84A3AE1986B196003EF47D /* DataStructures-Prefix.pch */ = {isa = PBXFileReference; lastKnownFileType = sourcecode.c.h; path = "DataStructures-Prefix.pch"; sourceTree = "<group>"; };
		0F84A3AF1986B196003EF47D /* CKAppDelegate.h */ = {isa = PBXFileReference; lastKnownFileType = sourcecode.c.h; path = CKAppDelegate.h; sourceTree = "<group>"; };
		0F84A3B01986B196003EF47D /* CKAppDelegate.m */ = {isa = PBXFileReference; lastKnownFileType = sourcecode.c.objc; path = CKAppDelegate.m; sourceTree = "<group>"; };
		0F84A3B31986B196003EF47D /* Base */ = {isa = PBXFileReference; lastKnownFileType = file.storyboard; name = Base; path = Base.lproj/Main.storyboard; sourceTree = "<group>"; };
		0F84A3B51986B196003EF47D /* CKViewController.h */ = {isa = PBXFileReference; lastKnownFileType = sourcecode.c.h; path = CKViewController.h; sourceTree = "<group>"; };
		0F84A3B61986B196003EF47D /* CKViewController.m */ = {isa = PBXFileReference; lastKnownFileType = sourcecode.c.objc; path = CKViewController.m; sourceTree = "<group>"; };
		0F84A3B81986B196003EF47D /* Images.xcassets */ = {isa = PBXFileReference; lastKnownFileType = folder.assetcatalog; path = Images.xcassets; sourceTree = "<group>"; };
		0F84A3BE1986B196003EF47D /* DataStructuresTests.xctest */ = {isa = PBXFileReference; explicitFileType = wrapper.cfbundle; includeInIndex = 0; path = DataStructuresTests.xctest; sourceTree = BUILT_PRODUCTS_DIR; };
		0F84A3BF1986B196003EF47D /* XCTest.framework */ = {isa = PBXFileReference; lastKnownFileType = wrapper.framework; name = XCTest.framework; path = Library/Frameworks/XCTest.framework; sourceTree = DEVELOPER_DIR; };
		0F84A3C71986B196003EF47D /* DataStructuresTests-Info.plist */ = {isa = PBXFileReference; lastKnownFileType = text.plist.xml; path = "DataStructuresTests-Info.plist"; sourceTree = "<group>"; };
		0F84A3C91986B196003EF47D /* en */ = {isa = PBXFileReference; lastKnownFileType = text.plist.strings; name = en; path = en.lproj/InfoPlist.strings; sourceTree = "<group>"; };
		0F84A3CB1986B196003EF47D /* DataStructuresTests.m */ = {isa = PBXFileReference; lastKnownFileType = sourcecode.c.objc; path = DataStructuresTests.m; sourceTree = "<group>"; };
		0F84A3D71986B1EF003EF47D /* CKNode.h */ = {isa = PBXFileReference; fileEncoding = 4; lastKnownFileType = sourcecode.c.h; name = CKNode.h; path = "Data Structures/CKNode.h"; sourceTree = "<group>"; };
		0F84A3D81986B1EF003EF47D /* CKNode.m */ = {isa = PBXFileReference; fileEncoding = 4; lastKnownFileType = sourcecode.c.objc; name = CKNode.m; path = "Data Structures/CKNode.m"; sourceTree = "<group>"; };
		0F84A3DD1986B624003EF47D /* CKStack.h */ = {isa = PBXFileReference; fileEncoding = 4; lastKnownFileType = sourcecode.c.h; name = CKStack.h; path = "Data Structures/CKStack.h"; sourceTree = "<group>"; };
		0F84A3DE1986B624003EF47D /* CKStack.m */ = {isa = PBXFileReference; fileEncoding = 4; lastKnownFileType = sourcecode.c.objc; name = CKStack.m; path = "Data Structures/CKStack.m"; sourceTree = "<group>"; };
		0F84A3E01986BC00003EF47D /* CKQueue.h */ = {isa = PBXFileReference; fileEncoding = 4; lastKnownFileType = sourcecode.c.h; name = CKQueue.h; path = "Data Structures/CKQueue.h"; sourceTree = "<group>"; };
		0F84A3E11986BC00003EF47D /* CKQueue.m */ = {isa = PBXFileReference; fileEncoding = 4; lastKnownFileType = sourcecode.c.objc; name = CKQueue.m; path = "Data Structures/CKQueue.m"; sourceTree = "<group>"; };
		0F84A3E31986CA2C003EF47D /* CKDictionary.h */ = {isa = PBXFileReference; fileEncoding = 4; lastKnownFileType = sourcecode.c.h; name = CKDictionary.h; path = "Data Structures/CKDictionary.h"; sourceTree = "<group>"; };
		0F84A3E41986CA2C003EF47D /* CKDictionary.m */ = {isa = PBXFileReference; fileEncoding = 4; lastKnownFileType = sourcecode.c.objc; name = CKDictionary.m; path = "Data Structures/CKDictionary.m"; sourceTree = "<group>"; };
		0F99FA4B19A5A157005D9D51 /* CKBSTree.h */ = {isa = PBXFileReference; fileEncoding = 4; lastKnownFileType = sourcecode.c.h; name = CKBSTree.h; path = "Data Structures/CKBSTree.h"; sourceTree = "<group>"; };
		0F99FA4C19A5A157005D9D51 /* CKBSTree.m */ = {isa = PBXFileReference; fileEncoding = 4; lastKnownFileType = sourcecode.c.objc; name = CKBSTree.m; path = "Data Structures/CKBSTree.m"; sourceTree = "<group>"; };
		0F99FA4E19A5A290005D9D51 /* CKBSTNode.h */ = {isa = PBXFileReference; fileEncoding = 4; lastKnownFileType = sourcecode.c.h; name = CKBSTNode.h; path = "Data Structures/CKBSTNode.h"; sourceTree = "<group>"; };
		0F99FA4F19A5A290005D9D51 /* CKBSTNode.m */ = {isa = PBXFileReference; fileEncoding = 4; lastKnownFileType = sourcecode.c.objc; name = CKBSTNode.m; path = "Data Structures/CKBSTNode.m"; sourceTree = "<group>"; };
/* End PBXFileReference section */

/* Begin PBXFrameworksBuildPhase section */
		0F84A39A1986B196003EF47D /* Frameworks */ = {
			isa = PBXFrameworksBuildPhase;
			buildActionMask = 2147483647;
			files = (
				0F84A3A31986B196003EF47D /* CoreGraphics.framework in Frameworks */,
				0F84A3A51986B196003EF47D /* UIKit.framework in Frameworks */,
				0F84A3A11986B196003EF47D /* Foundation.framework in Frameworks */,
			);
			runOnlyForDeploymentPostprocessing = 0;
		};
		0F84A3BB1986B196003EF47D /* Frameworks */ = {
			isa = PBXFrameworksBuildPhase;
			buildActionMask = 2147483647;
			files = (
				0F84A3C01986B196003EF47D /* XCTest.framework in Frameworks */,
				0F84A3C21986B196003EF47D /* UIKit.framework in Frameworks */,
				0F84A3C11986B196003EF47D /* Foundation.framework in Frameworks */,
			);
			runOnlyForDeploymentPostprocessing = 0;
		};
/* End PBXFrameworksBuildPhase section */

/* Begin PBXGroup section */
		0F84A3941986B196003EF47D = {
			isa = PBXGroup;
			children = (
				0F84A3A61986B196003EF47D /* DataStructures */,
				0F84A3C51986B196003EF47D /* DataStructuresTests */,
				0F84A39F1986B196003EF47D /* Frameworks */,
				0F84A39E1986B196003EF47D /* Products */,
			);
			sourceTree = "<group>";
		};
		0F84A39E1986B196003EF47D /* Products */ = {
			isa = PBXGroup;
			children = (
				0F84A39D1986B196003EF47D /* DataStructures.app */,
				0F84A3BE1986B196003EF47D /* DataStructuresTests.xctest */,
			);
			name = Products;
			sourceTree = "<group>";
		};
		0F84A39F1986B196003EF47D /* Frameworks */ = {
			isa = PBXGroup;
			children = (
				0F84A3A01986B196003EF47D /* Foundation.framework */,
				0F84A3A21986B196003EF47D /* CoreGraphics.framework */,
				0F84A3A41986B196003EF47D /* UIKit.framework */,
				0F84A3BF1986B196003EF47D /* XCTest.framework */,
			);
			name = Frameworks;
			sourceTree = "<group>";
		};
		0F84A3A61986B196003EF47D /* DataStructures */ = {
			isa = PBXGroup;
			children = (
				0F84A3AF1986B196003EF47D /* CKAppDelegate.h */,
				0F84A3B01986B196003EF47D /* CKAppDelegate.m */,
				0F84A3B21986B196003EF47D /* Main.storyboard */,
				0F84A3D61986B1B9003EF47D /* Data Structures */,
				0F84A3D51986B1A7003EF47D /* View Controllers */,
				0F84A3B81986B196003EF47D /* Images.xcassets */,
				0F84A3A71986B196003EF47D /* Supporting Files */,
			);
			path = DataStructures;
			sourceTree = "<group>";
		};
		0F84A3A71986B196003EF47D /* Supporting Files */ = {
			isa = PBXGroup;
			children = (
				0F84A3A81986B196003EF47D /* DataStructures-Info.plist */,
				0F84A3A91986B196003EF47D /* InfoPlist.strings */,
				0F84A3AC1986B196003EF47D /* main.m */,
				0F84A3AE1986B196003EF47D /* DataStructures-Prefix.pch */,
			);
			name = "Supporting Files";
			sourceTree = "<group>";
		};
		0F84A3C51986B196003EF47D /* DataStructuresTests */ = {
			isa = PBXGroup;
			children = (
				0F84A3CB1986B196003EF47D /* DataStructuresTests.m */,
				0F84A3C61986B196003EF47D /* Supporting Files */,
			);
			path = DataStructuresTests;
			sourceTree = "<group>";
		};
		0F84A3C61986B196003EF47D /* Supporting Files */ = {
			isa = PBXGroup;
			children = (
				0F84A3C71986B196003EF47D /* DataStructuresTests-Info.plist */,
				0F84A3C81986B196003EF47D /* InfoPlist.strings */,
			);
			name = "Supporting Files";
			sourceTree = "<group>";
		};
		0F84A3D51986B1A7003EF47D /* View Controllers */ = {
			isa = PBXGroup;
			children = (
				0F84A3B51986B196003EF47D /* CKViewController.h */,
				0F84A3B61986B196003EF47D /* CKViewController.m */,
			);
			name = "View Controllers";
			sourceTree = "<group>";
		};
		0F84A3D61986B1B9003EF47D /* Data Structures */ = {
			isa = PBXGroup;
			children = (
				0F84A3D71986B1EF003EF47D /* CKNode.h */,
				0F84A3D81986B1EF003EF47D /* CKNode.m */,
				0F84A3DD1986B624003EF47D /* CKStack.h */,
				0F84A3DE1986B624003EF47D /* CKStack.m */,
				0F84A3E01986BC00003EF47D /* CKQueue.h */,
				0F84A3E11986BC00003EF47D /* CKQueue.m */,
				0F84A3E31986CA2C003EF47D /* CKDictionary.h */,
				0F84A3E41986CA2C003EF47D /* CKDictionary.m */,
				0F99FA5119A5A297005D9D51 /* Tree */,
			);
			name = "Data Structures";
			sourceTree = "<group>";
		};
		0F99FA5119A5A297005D9D51 /* Tree */ = {
			isa = PBXGroup;
			children = (
				0F99FA4E19A5A290005D9D51 /* CKBSTNode.h */,
				0F99FA4F19A5A290005D9D51 /* CKBSTNode.m */,
				0F99FA4B19A5A157005D9D51 /* CKBSTree.h */,
				0F99FA4C19A5A157005D9D51 /* CKBSTree.m */,
			);
			name = Tree;
			sourceTree = "<group>";
		};
/* End PBXGroup section */

/* Begin PBXNativeTarget section */
		0F84A39C1986B196003EF47D /* DataStructures */ = {
			isa = PBXNativeTarget;
			buildConfigurationList = 0F84A3CF1986B196003EF47D /* Build configuration list for PBXNativeTarget "DataStructures" */;
			buildPhases = (
				0F84A3991986B196003EF47D /* Sources */,
				0F84A39A1986B196003EF47D /* Frameworks */,
				0F84A39B1986B196003EF47D /* Resources */,
			);
			buildRules = (
			);
			dependencies = (
			);
			name = DataStructures;
			productName = DataStructures;
			productReference = 0F84A39D1986B196003EF47D /* DataStructures.app */;
			productType = "com.apple.product-type.application";
		};
		0F84A3BD1986B196003EF47D /* DataStructuresTests */ = {
			isa = PBXNativeTarget;
			buildConfigurationList = 0F84A3D21986B196003EF47D /* Build configuration list for PBXNativeTarget "DataStructuresTests" */;
			buildPhases = (
				0F84A3BA1986B196003EF47D /* Sources */,
				0F84A3BB1986B196003EF47D /* Frameworks */,
				0F84A3BC1986B196003EF47D /* Resources */,
			);
			buildRules = (
			);
			dependencies = (
				0F84A3C41986B196003EF47D /* PBXTargetDependency */,
			);
			name = DataStructuresTests;
			productName = DataStructuresTests;
			productReference = 0F84A3BE1986B196003EF47D /* DataStructuresTests.xctest */;
			productType = "com.apple.product-type.bundle.unit-test";
		};
/* End PBXNativeTarget section */

/* Begin PBXProject section */
		0F84A3951986B196003EF47D /* Project object */ = {
			isa = PBXProject;
			attributes = {
				CLASSPREFIX = CK;
				LastUpgradeCheck = 0510;
				ORGANIZATIONNAME = "Richard Lichkus";
				TargetAttributes = {
					0F84A3BD1986B196003EF47D = {
						TestTargetID = 0F84A39C1986B196003EF47D;
					};
				};
			};
			buildConfigurationList = 0F84A3981986B196003EF47D /* Build configuration list for PBXProject "DataStructures" */;
			compatibilityVersion = "Xcode 3.2";
			developmentRegion = English;
			hasScannedForEncodings = 0;
			knownRegions = (
				en,
				Base,
			);
			mainGroup = 0F84A3941986B196003EF47D;
			productRefGroup = 0F84A39E1986B196003EF47D /* Products */;
			projectDirPath = "";
			projectRoot = "";
			targets = (
				0F84A39C1986B196003EF47D /* DataStructures */,
				0F84A3BD1986B196003EF47D /* DataStructuresTests */,
			);
		};
/* End PBXProject section */

/* Begin PBXResourcesBuildPhase section */
		0F84A39B1986B196003EF47D /* Resources */ = {
			isa = PBXResourcesBuildPhase;
			buildActionMask = 2147483647;
			files = (
				0F84A3B91986B196003EF47D /* Images.xcassets in Resources */,
				0F84A3AB1986B196003EF47D /* InfoPlist.strings in Resources */,
				0F84A3B41986B196003EF47D /* Main.storyboard in Resources */,
			);
			runOnlyForDeploymentPostprocessing = 0;
		};
		0F84A3BC1986B196003EF47D /* Resources */ = {
			isa = PBXResourcesBuildPhase;
			buildActionMask = 2147483647;
			files = (
				0F84A3CA1986B196003EF47D /* InfoPlist.strings in Resources */,
			);
			runOnlyForDeploymentPostprocessing = 0;
		};
/* End PBXResourcesBuildPhase section */

/* Begin PBXSourcesBuildPhase section */
		0F84A3991986B196003EF47D /* Sources */ = {
			isa = PBXSourcesBuildPhase;
			buildActionMask = 2147483647;
			files = (
				0F84A3B11986B196003EF47D /* CKAppDelegate.m in Sources */,
				0F99FA5019A5A290005D9D51 /* CKBSTNode.m in Sources */,
				0F99FA4D19A5A157005D9D51 /* CKBSTree.m in Sources */,
				0F84A3AD1986B196003EF47D /* main.m in Sources */,
				0F84A3E51986CA2C003EF47D /* CKDictionary.m in Sources */,
				0F84A3DF1986B624003EF47D /* CKStack.m in Sources */,
				0F84A3B71986B196003EF47D /* CKViewController.m in Sources */,
				0F84A3D91986B1EF003EF47D /* CKNode.m in Sources */,
				0F84A3E21986BC00003EF47D /* CKQueue.m in Sources */,
			);
			runOnlyForDeploymentPostprocessing = 0;
		};
		0F84A3BA1986B196003EF47D /* Sources */ = {
			isa = PBXSourcesBuildPhase;
			buildActionMask = 2147483647;
			files = (
				0F84A3CC1986B196003EF47D /* DataStructuresTests.m in Sources */,
			);
			runOnlyForDeploymentPostprocessing = 0;
		};
/* End PBXSourcesBuildPhase section */

/* Begin PBXTargetDependency section */
		0F84A3C41986B196003EF47D /* PBXTargetDependency */ = {
			isa = PBXTargetDependency;
			target = 0F84A39C1986B196003EF47D /* DataStructures */;
			targetProxy = 0F84A3C31986B196003EF47D /* PBXContainerItemProxy */;
		};
/* End PBXTargetDependency section */

/* Begin PBXVariantGroup section */
		0F84A3A91986B196003EF47D /* InfoPlist.strings */ = {
			isa = PBXVariantGroup;
			children = (
				0F84A3AA1986B196003EF47D /* en */,
			);
			name = InfoPlist.strings;
			sourceTree = "<group>";
		};
		0F84A3B21986B196003EF47D /* Main.storyboard */ = {
			isa = PBXVariantGroup;
			children = (
				0F84A3B31986B196003EF47D /* Base */,
			);
			name = Main.storyboard;
			sourceTree = "<group>";
		};
		0F84A3C81986B196003EF47D /* InfoPlist.strings */ = {
			isa = PBXVariantGroup;
			children = (
				0F84A3C91986B196003EF47D /* en */,
			);
			name = InfoPlist.strings;
			sourceTree = "<group>";
		};
/* End PBXVariantGroup section */

/* Begin XCBuildConfiguration section */
		0F84A3CD1986B196003EF47D /* Debug */ = {
			isa = XCBuildConfiguration;
			buildSettings = {
				ALWAYS_SEARCH_USER_PATHS = NO;
				CLANG_CXX_LANGUAGE_STANDARD = "gnu++0x";
				CLANG_CXX_LIBRARY = "libc++";
				CLANG_ENABLE_MODULES = YES;
				CLANG_ENABLE_OBJC_ARC = YES;
				CLANG_WARN_BOOL_CONVERSION = YES;
				CLANG_WARN_CONSTANT_CONVERSION = YES;
				CLANG_WARN_DIRECT_OBJC_ISA_USAGE = YES_ERROR;
				CLANG_WARN_EMPTY_BODY = YES;
				CLANG_WARN_ENUM_CONVERSION = YES;
				CLANG_WARN_INT_CONVERSION = YES;
				CLANG_WARN_OBJC_ROOT_CLASS = YES_ERROR;
				CLANG_WARN__DUPLICATE_METHOD_MATCH = YES;
				"CODE_SIGN_IDENTITY[sdk=iphoneos*]" = "iPhone Developer";
				COPY_PHASE_STRIP = NO;
				GCC_C_LANGUAGE_STANDARD = gnu99;
				GCC_DYNAMIC_NO_PIC = NO;
				GCC_OPTIMIZATION_LEVEL = 0;
				GCC_PREPROCESSOR_DEFINITIONS = (
					"DEBUG=1",
					"$(inherited)",
				);
				GCC_SYMBOLS_PRIVATE_EXTERN = NO;
				GCC_WARN_64_TO_32_BIT_CONVERSION = YES;
				GCC_WARN_ABOUT_RETURN_TYPE = YES_ERROR;
				GCC_WARN_UNDECLARED_SELECTOR = YES;
				GCC_WARN_UNINITIALIZED_AUTOS = YES_AGGRESSIVE;
				GCC_WARN_UNUSED_FUNCTION = YES;
				GCC_WARN_UNUSED_VARIABLE = YES;
				IPHONEOS_DEPLOYMENT_TARGET = 7.1;
				ONLY_ACTIVE_ARCH = YES;
				SDKROOT = iphoneos;
			};
			name = Debug;
		};
		0F84A3CE1986B196003EF47D /* Release */ = {
			isa = XCBuildConfiguration;
			buildSettings = {
				ALWAYS_SEARCH_USER_PATHS = NO;
				CLANG_CXX_LANGUAGE_STANDARD = "gnu++0x";
				CLANG_CXX_LIBRARY = "libc++";
				CLANG_ENABLE_MODULES = YES;
				CLANG_ENABLE_OBJC_ARC = YES;
				CLANG_WARN_BOOL_CONVERSION = YES;
				CLANG_WARN_CONSTANT_CONVERSION = YES;
				CLANG_WARN_DIRECT_OBJC_ISA_USAGE = YES_ERROR;
				CLANG_WARN_EMPTY_BODY = YES;
				CLANG_WARN_ENUM_CONVERSION = YES;
				CLANG_WARN_INT_CONVERSION = YES;
				CLANG_WARN_OBJC_ROOT_CLASS = YES_ERROR;
				CLANG_WARN__DUPLICATE_METHOD_MATCH = YES;
				"CODE_SIGN_IDENTITY[sdk=iphoneos*]" = "iPhone Developer";
				COPY_PHASE_STRIP = YES;
				ENABLE_NS_ASSERTIONS = NO;
				GCC_C_LANGUAGE_STANDARD = gnu99;
				GCC_WARN_64_TO_32_BIT_CONVERSION = YES;
				GCC_WARN_ABOUT_RETURN_TYPE = YES_ERROR;
				GCC_WARN_UNDECLARED_SELECTOR = YES;
				GCC_WARN_UNINITIALIZED_AUTOS = YES_AGGRESSIVE;
				GCC_WARN_UNUSED_FUNCTION = YES;
				GCC_WARN_UNUSED_VARIABLE = YES;
				IPHONEOS_DEPLOYMENT_TARGET = 7.1;
				SDKROOT = iphoneos;
				VALIDATE_PRODUCT = YES;
			};
			name = Release;
		};
		0F84A3D01986B196003EF47D /* Debug */ = {
			isa = XCBuildConfiguration;
			buildSettings = {
				ASSETCATALOG_COMPILER_APPICON_NAME = AppIcon;
				ASSETCATALOG_COMPILER_LAUNCHIMAGE_NAME = LaunchImage;
				GCC_PRECOMPILE_PREFIX_HEADER = YES;
				GCC_PREFIX_HEADER = "DataStructures/DataStructures-Prefix.pch";
				INFOPLIST_FILE = "DataStructures/DataStructures-Info.plist";
				PRODUCT_NAME = "$(TARGET_NAME)";
				WRAPPER_EXTENSION = app;
			};
			name = Debug;
		};
		0F84A3D11986B196003EF47D /* Release */ = {
			isa = XCBuildConfiguration;
			buildSettings = {
				ASSETCATALOG_COMPILER_APPICON_NAME = AppIcon;
				ASSETCATALOG_COMPILER_LAUNCHIMAGE_NAME = LaunchImage;
				GCC_PRECOMPILE_PREFIX_HEADER = YES;
				GCC_PREFIX_HEADER = "DataStructures/DataStructures-Prefix.pch";
				INFOPLIST_FILE = "DataStructures/DataStructures-Info.plist";
				PRODUCT_NAME = "$(TARGET_NAME)";
				WRAPPER_EXTENSION = app;
			};
			name = Release;
		};
		0F84A3D31986B196003EF47D /* Debug */ = {
			isa = XCBuildConfiguration;
			buildSettings = {
				BUNDLE_LOADER = "$(BUILT_PRODUCTS_DIR)/DataStructures.app/DataStructures";
				FRAMEWORK_SEARCH_PATHS = (
					"$(SDKROOT)/Developer/Library/Frameworks",
					"$(inherited)",
					"$(DEVELOPER_FRAMEWORKS_DIR)",
				);
				GCC_PRECOMPILE_PREFIX_HEADER = YES;
				GCC_PREFIX_HEADER = "DataStructures/DataStructures-Prefix.pch";
				GCC_PREPROCESSOR_DEFINITIONS = (
					"DEBUG=1",
					"$(inherited)",
				);
				INFOPLIST_FILE = "DataStructuresTests/DataStructuresTests-Info.plist";
				PRODUCT_NAME = "$(TARGET_NAME)";
				TEST_HOST = "$(BUNDLE_LOADER)";
				WRAPPER_EXTENSION = xctest;
			};
			name = Debug;
		};
		0F84A3D41986B196003EF47D /* Release */ = {
			isa = XCBuildConfiguration;
			buildSettings = {
				BUNDLE_LOADER = "$(BUILT_PRODUCTS_DIR)/DataStructures.app/DataStructures";
				FRAMEWORK_SEARCH_PATHS = (
					"$(SDKROOT)/Developer/Library/Frameworks",
					"$(inherited)",
					"$(DEVELOPER_FRAMEWORKS_DIR)",
				);
				GCC_PRECOMPILE_PREFIX_HEADER = YES;
				GCC_PREFIX_HEADER = "DataStructures/DataStructures-Prefix.pch";
				INFOPLIST_FILE = "DataStructuresTests/DataStructuresTests-Info.plist";
				PRODUCT_NAME = "$(TARGET_NAME)";
				TEST_HOST = "$(BUNDLE_LOADER)";
				WRAPPER_EXTENSION = xctest;
			};
			name = Release;
		};
/* End XCBuildConfiguration section */

/* Begin XCConfigurationList section */
		0F84A3981986B196003EF47D /* Build configuration list for PBXProject "DataStructures" */ = {
			isa = XCConfigurationList;
			buildConfigurations = (
				0F84A3CD1986B196003EF47D /* Debug */,
				0F84A3CE1986B196003EF47D /* Release */,
			);
			defaultConfigurationIsVisible = 0;
			defaultConfigurationName = Release;
		};
		0F84A3CF1986B196003EF47D /* Build configuration list for PBXNativeTarget "DataStructures" */ = {
			isa = XCConfigurationList;
			buildConfigurations = (
				0F84A3D01986B196003EF47D /* Debug */,
				0F84A3D11986B196003EF47D /* Release */,
			);
			defaultConfigurationIsVisible = 0;
			defaultConfigurationName = Release;
		};
		0F84A3D21986B196003EF47D /* Build configuration list for PBXNativeTarget "DataStructuresTests" */ = {
			isa = XCConfigurationList;
			buildConfigurations = (
				0F84A3D31986B196003EF47D /* Debug */,
				0F84A3D41986B196003EF47D /* Release */,
			);
			defaultConfigurationIsVisible = 0;
			defaultConfigurationName = Release;
		};
/* End XCConfigurationList section */
	};
	rootObject = 0F84A3951986B196003EF47D /* Project object */;
}
